// !$*UTF8*$!
{
	archiveVersion = 1;
	classes = {
	};
	objectVersion = 50;
	objects = {

/* Begin PBXBuildFile section */
		2C8A089A23F6115B00853DBD /* AppDelegate.swift in Sources */ = {isa = PBXBuildFile; fileRef = 2C8A089923F6115B00853DBD /* AppDelegate.swift */; };
		2C8A089C23F6115B00853DBD /* SceneDelegate.swift in Sources */ = {isa = PBXBuildFile; fileRef = 2C8A089B23F6115B00853DBD /* SceneDelegate.swift */; };
		2C8A089E23F6115B00853DBD /* ViewController.swift in Sources */ = {isa = PBXBuildFile; fileRef = 2C8A089D23F6115B00853DBD /* ViewController.swift */; };
		2C8A08A123F6115B00853DBD /* Main.storyboard in Resources */ = {isa = PBXBuildFile; fileRef = 2C8A089F23F6115B00853DBD /* Main.storyboard */; };
		2C8A08A323F6115C00853DBD /* Assets.xcassets in Resources */ = {isa = PBXBuildFile; fileRef = 2C8A08A223F6115C00853DBD /* Assets.xcassets */; };
		2C8A08A623F6115C00853DBD /* LaunchScreen.storyboard in Resources */ = {isa = PBXBuildFile; fileRef = 2C8A08A423F6115C00853DBD /* LaunchScreen.storyboard */; };
		2C8A08BC23F612A200853DBD /* BinarySearcher.swift in Sources */ = {isa = PBXBuildFile; fileRef = 2C8A08BB23F612A200853DBD /* BinarySearcher.swift */; };
		2C8A08BE23F613AA00853DBD /* BinarySearcherTests.swift in Sources */ = {isa = PBXBuildFile; fileRef = 2C8A08BD23F613AA00853DBD /* BinarySearcherTests.swift */; };
		2C8A08BF23F613E000853DBD /* BinarySearcher.swift in Sources */ = {isa = PBXBuildFile; fileRef = 2C8A08BB23F612A200853DBD /* BinarySearcher.swift */; };
		2C8A08C123F6205E00853DBD /* TableViewCell.swift in Sources */ = {isa = PBXBuildFile; fileRef = 2C8A08C023F6205E00853DBD /* TableViewCell.swift */; };
/* End PBXBuildFile section */

/* Begin PBXContainerItemProxy section */
		2C8A08AD23F6115C00853DBD /* PBXContainerItemProxy */ = {
			isa = PBXContainerItemProxy;
			containerPortal = 2C8A088E23F6115B00853DBD /* Project object */;
			proxyType = 1;
			remoteGlobalIDString = 2C8A089523F6115B00853DBD;
			remoteInfo = BinarySearch;
		};
/* End PBXContainerItemProxy section */

/* Begin PBXFileReference section */
		2C8A089623F6115B00853DBD /* BinarySearch.app */ = {isa = PBXFileReference; explicitFileType = wrapper.application; includeInIndex = 0; path = BinarySearch.app; sourceTree = BUILT_PRODUCTS_DIR; };
		2C8A089923F6115B00853DBD /* AppDelegate.swift */ = {isa = PBXFileReference; lastKnownFileType = sourcecode.swift; path = AppDelegate.swift; sourceTree = "<group>"; };
		2C8A089B23F6115B00853DBD /* SceneDelegate.swift */ = {isa = PBXFileReference; lastKnownFileType = sourcecode.swift; path = SceneDelegate.swift; sourceTree = "<group>"; };
		2C8A089D23F6115B00853DBD /* ViewController.swift */ = {isa = PBXFileReference; lastKnownFileType = sourcecode.swift; path = ViewController.swift; sourceTree = "<group>"; };
		2C8A08A023F6115B00853DBD /* Base */ = {isa = PBXFileReference; lastKnownFileType = file.storyboard; name = Base; path = Base.lproj/Main.storyboard; sourceTree = "<group>"; };
		2C8A08A223F6115C00853DBD /* Assets.xcassets */ = {isa = PBXFileReference; lastKnownFileType = folder.assetcatalog; path = Assets.xcassets; sourceTree = "<group>"; };
		2C8A08A523F6115C00853DBD /* Base */ = {isa = PBXFileReference; lastKnownFileType = file.storyboard; name = Base; path = Base.lproj/LaunchScreen.storyboard; sourceTree = "<group>"; };
		2C8A08A723F6115C00853DBD /* Info.plist */ = {isa = PBXFileReference; lastKnownFileType = text.plist.xml; path = Info.plist; sourceTree = "<group>"; };
		2C8A08AC23F6115C00853DBD /* BinarySearchTests.xctest */ = {isa = PBXFileReference; explicitFileType = wrapper.cfbundle; includeInIndex = 0; path = BinarySearchTests.xctest; sourceTree = BUILT_PRODUCTS_DIR; };
		2C8A08B223F6115C00853DBD /* Info.plist */ = {isa = PBXFileReference; lastKnownFileType = text.plist.xml; path = Info.plist; sourceTree = "<group>"; };
		2C8A08BB23F612A200853DBD /* BinarySearcher.swift */ = {isa = PBXFileReference; lastKnownFileType = sourcecode.swift; path = BinarySearcher.swift; sourceTree = "<group>"; };
		2C8A08BD23F613AA00853DBD /* BinarySearcherTests.swift */ = {isa = PBXFileReference; lastKnownFileType = sourcecode.swift; path = BinarySearcherTests.swift; sourceTree = "<group>"; };
		2C8A08C023F6205E00853DBD /* TableViewCell.swift */ = {isa = PBXFileReference; lastKnownFileType = sourcecode.swift; path = TableViewCell.swift; sourceTree = "<group>"; };
/* End PBXFileReference section */

/* Begin PBXFrameworksBuildPhase section */
		2C8A089323F6115B00853DBD /* Frameworks */ = {
			isa = PBXFrameworksBuildPhase;
			buildActionMask = 2147483647;
			files = (
			);
			runOnlyForDeploymentPostprocessing = 0;
		};
		2C8A08A923F6115C00853DBD /* Frameworks */ = {
			isa = PBXFrameworksBuildPhase;
			buildActionMask = 2147483647;
			files = (
			);
			runOnlyForDeploymentPostprocessing = 0;
		};
/* End PBXFrameworksBuildPhase section */

/* Begin PBXGroup section */
		2C8A088D23F6115B00853DBD = {
			isa = PBXGroup;
			children = (
				2C8A089823F6115B00853DBD /* BinarySearch */,
				2C8A08AF23F6115C00853DBD /* BinarySearchTests */,
				2C8A089723F6115B00853DBD /* Products */,
			);
			sourceTree = "<group>";
		};
		2C8A089723F6115B00853DBD /* Products */ = {
			isa = PBXGroup;
			children = (
				2C8A089623F6115B00853DBD /* BinarySearch.app */,
				2C8A08AC23F6115C00853DBD /* BinarySearchTests.xctest */,
			);
			name = Products;
			sourceTree = "<group>";
		};
		2C8A089823F6115B00853DBD /* BinarySearch */ = {
			isa = PBXGroup;
			children = (
				2C8A089923F6115B00853DBD /* AppDelegate.swift */,
				2C8A089B23F6115B00853DBD /* SceneDelegate.swift */,
				2C8A089D23F6115B00853DBD /* ViewController.swift */,
				2C8A089F23F6115B00853DBD /* Main.storyboard */,
				2C8A08A223F6115C00853DBD /* Assets.xcassets */,
				2C8A08A423F6115C00853DBD /* LaunchScreen.storyboard */,
				2C8A08A723F6115C00853DBD /* Info.plist */,
				2C8A08BB23F612A200853DBD /* BinarySearcher.swift */,
				2C8A08C023F6205E00853DBD /* TableViewCell.swift */,
			);
			path = BinarySearch;
			sourceTree = "<group>";
		};
		2C8A08AF23F6115C00853DBD /* BinarySearchTests */ = {
			isa = PBXGroup;
			children = (
				2C8A08B223F6115C00853DBD /* Info.plist */,
				2C8A08BD23F613AA00853DBD /* BinarySearcherTests.swift */,
			);
			path = BinarySearchTests;
			sourceTree = "<group>";
		};
/* End PBXGroup section */

/* Begin PBXNativeTarget section */
		2C8A089523F6115B00853DBD /* BinarySearch */ = {
			isa = PBXNativeTarget;
			buildConfigurationList = 2C8A08B523F6115C00853DBD /* Build configuration list for PBXNativeTarget "BinarySearch" */;
			buildPhases = (
				2C8A089223F6115B00853DBD /* Sources */,
				2C8A089323F6115B00853DBD /* Frameworks */,
				2C8A089423F6115B00853DBD /* Resources */,
			);
			buildRules = (
			);
			dependencies = (
			);
			name = BinarySearch;
			productName = BinarySearch;
			productReference = 2C8A089623F6115B00853DBD /* BinarySearch.app */;
			productType = "com.apple.product-type.application";
		};
		2C8A08AB23F6115C00853DBD /* BinarySearchTests */ = {
			isa = PBXNativeTarget;
			buildConfigurationList = 2C8A08B823F6115C00853DBD /* Build configuration list for PBXNativeTarget "BinarySearchTests" */;
			buildPhases = (
				2C8A08A823F6115C00853DBD /* Sources */,
				2C8A08A923F6115C00853DBD /* Frameworks */,
				2C8A08AA23F6115C00853DBD /* Resources */,
			);
			buildRules = (
			);
			dependencies = (
				2C8A08AE23F6115C00853DBD /* PBXTargetDependency */,
			);
			name = BinarySearchTests;
			productName = BinarySearchTests;
			productReference = 2C8A08AC23F6115C00853DBD /* BinarySearchTests.xctest */;
			productType = "com.apple.product-type.bundle.unit-test";
		};
/* End PBXNativeTarget section */

/* Begin PBXProject section */
		2C8A088E23F6115B00853DBD /* Project object */ = {
			isa = PBXProject;
			attributes = {
				LastSwiftUpdateCheck = 1130;
				LastUpgradeCheck = 1130;
				ORGANIZATIONNAME = Lourin;
				TargetAttributes = {
					2C8A089523F6115B00853DBD = {
						CreatedOnToolsVersion = 11.3.1;
					};
					2C8A08AB23F6115C00853DBD = {
						CreatedOnToolsVersion = 11.3.1;
						TestTargetID = 2C8A089523F6115B00853DBD;
					};
				};
			};
			buildConfigurationList = 2C8A089123F6115B00853DBD /* Build configuration list for PBXProject "BinarySearch" */;
			compatibilityVersion = "Xcode 9.3";
			developmentRegion = en;
			hasScannedForEncodings = 0;
			knownRegions = (
				en,
				Base,
			);
			mainGroup = 2C8A088D23F6115B00853DBD;
			productRefGroup = 2C8A089723F6115B00853DBD /* Products */;
			projectDirPath = "";
			projectRoot = "";
			targets = (
				2C8A089523F6115B00853DBD /* BinarySearch */,
				2C8A08AB23F6115C00853DBD /* BinarySearchTests */,
			);
		};
/* End PBXProject section */

/* Begin PBXResourcesBuildPhase section */
		2C8A089423F6115B00853DBD /* Resources */ = {
			isa = PBXResourcesBuildPhase;
			buildActionMask = 2147483647;
			files = (
				2C8A08A623F6115C00853DBD /* LaunchScreen.storyboard in Resources */,
				2C8A08A323F6115C00853DBD /* Assets.xcassets in Resources */,
				2C8A08A123F6115B00853DBD /* Main.storyboard in Resources */,
			);
			runOnlyForDeploymentPostprocessing = 0;
		};
		2C8A08AA23F6115C00853DBD /* Resources */ = {
			isa = PBXResourcesBuildPhase;
			buildActionMask = 2147483647;
			files = (
			);
			runOnlyForDeploymentPostprocessing = 0;
		};
/* End PBXResourcesBuildPhase section */

/* Begin PBXSourcesBuildPhase section */
		2C8A089223F6115B00853DBD /* Sources */ = {
			isa = PBXSourcesBuildPhase;
			buildActionMask = 2147483647;
			files = (
				2C8A08C123F6205E00853DBD /* TableViewCell.swift in Sources */,
				2C8A089E23F6115B00853DBD /* ViewController.swift in Sources */,
				2C8A08BC23F612A200853DBD /* BinarySearcher.swift in Sources */,
				2C8A089A23F6115B00853DBD /* AppDelegate.swift in Sources */,
				2C8A089C23F6115B00853DBD /* SceneDelegate.swift in Sources */,
			);
			runOnlyForDeploymentPostprocessing = 0;
		};
		2C8A08A823F6115C00853DBD /* Sources */ = {
			isa = PBXSourcesBuildPhase;
			buildActionMask = 2147483647;
			files = (
				2C8A08BF23F613E000853DBD /* BinarySearcher.swift in Sources */,
				2C8A08BE23F613AA00853DBD /* BinarySearcherTests.swift in Sources */,
			);
			runOnlyForDeploymentPostprocessing = 0;
		};
/* End PBXSourcesBuildPhase section */

/* Begin PBXTargetDependency section */
		2C8A08AE23F6115C00853DBD /* PBXTargetDependency */ = {
			isa = PBXTargetDependency;
			target = 2C8A089523F6115B00853DBD /* BinarySearch */;
			targetProxy = 2C8A08AD23F6115C00853DBD /* PBXContainerItemProxy */;
		};
/* End PBXTargetDependency section */

/* Begin PBXVariantGroup section */
		2C8A089F23F6115B00853DBD /* Main.storyboard */ = {
			isa = PBXVariantGroup;
			children = (
				2C8A08A023F6115B00853DBD /* Base */,
			);
			name = Main.storyboard;
			sourceTree = "<group>";
		};
		2C8A08A423F6115C00853DBD /* LaunchScreen.storyboard */ = {
			isa = PBXVariantGroup;
			children = (
				2C8A08A523F6115C00853DBD /* Base */,
			);
			name = LaunchScreen.storyboard;
			sourceTree = "<group>";
		};
/* End PBXVariantGroup section */

/* Begin XCBuildConfiguration section */
		2C8A08B323F6115C00853DBD /* Debug */ = {
			isa = XCBuildConfiguration;
			buildSettings = {
				ALWAYS_SEARCH_USER_PATHS = NO;
				CLANG_ANALYZER_NONNULL = YES;
				CLANG_ANALYZER_NUMBER_OBJECT_CONVERSION = YES_AGGRESSIVE;
				CLANG_CXX_LANGUAGE_STANDARD = "gnu++14";
				CLANG_CXX_LIBRARY = "libc++";
				CLANG_ENABLE_MODULES = YES;
				CLANG_ENABLE_OBJC_ARC = YES;
				CLANG_ENABLE_OBJC_WEAK = YES;
				CLANG_WARN_BLOCK_CAPTURE_AUTORELEASING = YES;
				CLANG_WARN_BOOL_CONVERSION = YES;
				CLANG_WARN_COMMA = YES;
				CLANG_WARN_CONSTANT_CONVERSION = YES;
				CLANG_WARN_DEPRECATED_OBJC_IMPLEMENTATIONS = YES;
				CLANG_WARN_DIRECT_OBJC_ISA_USAGE = YES_ERROR;
				CLANG_WARN_DOCUMENTATION_COMMENTS = YES;
				CLANG_WARN_EMPTY_BODY = YES;
				CLANG_WARN_ENUM_CONVERSION = YES;
				CLANG_WARN_INFINITE_RECURSION = YES;
				CLANG_WARN_INT_CONVERSION = YES;
				CLANG_WARN_NON_LITERAL_NULL_CONVERSION = YES;
				CLANG_WARN_OBJC_IMPLICIT_RETAIN_SELF = YES;
				CLANG_WARN_OBJC_LITERAL_CONVERSION = YES;
				CLANG_WARN_OBJC_ROOT_CLASS = YES_ERROR;
				CLANG_WARN_RANGE_LOOP_ANALYSIS = YES;
				CLANG_WARN_STRICT_PROTOTYPES = YES;
				CLANG_WARN_SUSPICIOUS_MOVE = YES;
				CLANG_WARN_UNGUARDED_AVAILABILITY = YES_AGGRESSIVE;
				CLANG_WARN_UNREACHABLE_CODE = YES;
				CLANG_WARN__DUPLICATE_METHOD_MATCH = YES;
				COPY_PHASE_STRIP = NO;
				DEBUG_INFORMATION_FORMAT = dwarf;
				ENABLE_STRICT_OBJC_MSGSEND = YES;
				ENABLE_TESTABILITY = YES;
				GCC_C_LANGUAGE_STANDARD = gnu11;
				GCC_DYNAMIC_NO_PIC = NO;
				GCC_NO_COMMON_BLOCKS = YES;
				GCC_OPTIMIZATION_LEVEL = 0;
				GCC_PREPROCESSOR_DEFINITIONS = (
					"DEBUG=1",
					"$(inherited)",
				);
				GCC_WARN_64_TO_32_BIT_CONVERSION = YES;
				GCC_WARN_ABOUT_RETURN_TYPE = YES_ERROR;
				GCC_WARN_UNDECLARED_SELECTOR = YES;
				GCC_WARN_UNINITIALIZED_AUTOS = YES_AGGRESSIVE;
				GCC_WARN_UNUSED_FUNCTION = YES;
				GCC_WARN_UNUSED_VARIABLE = YES;
				IPHONEOS_DEPLOYMENT_TARGET = 13.2;
				MTL_ENABLE_DEBUG_INFO = INCLUDE_SOURCE;
				MTL_FAST_MATH = YES;
				ONLY_ACTIVE_ARCH = YES;
				SDKROOT = iphoneos;
				SWIFT_ACTIVE_COMPILATION_CONDITIONS = DEBUG;
				SWIFT_OPTIMIZATION_LEVEL = "-Onone";
			};
			name = Debug;
		};
		2C8A08B423F6115C00853DBD /* Release */ = {
			isa = XCBuildConfiguration;
			buildSettings = {
				ALWAYS_SEARCH_USER_PATHS = NO;
				CLANG_ANALYZER_NONNULL = YES;
				CLANG_ANALYZER_NUMBER_OBJECT_CONVERSION = YES_AGGRESSIVE;
				CLANG_CXX_LANGUAGE_STANDARD = "gnu++14";
				CLANG_CXX_LIBRARY = "libc++";
				CLANG_ENABLE_MODULES = YES;
				CLANG_ENABLE_OBJC_ARC = YES;
				CLANG_ENABLE_OBJC_WEAK = YES;
				CLANG_WARN_BLOCK_CAPTURE_AUTORELEASING = YES;
				CLANG_WARN_BOOL_CONVERSION = YES;
				CLANG_WARN_COMMA = YES;
				CLANG_WARN_CONSTANT_CONVERSION = YES;
				CLANG_WARN_DEPRECATED_OBJC_IMPLEMENTATIONS = YES;
				CLANG_WARN_DIRECT_OBJC_ISA_USAGE = YES_ERROR;
				CLANG_WARN_DOCUMENTATION_COMMENTS = YES;
				CLANG_WARN_EMPTY_BODY = YES;
				CLANG_WARN_ENUM_CONVERSION = YES;
				CLANG_WARN_INFINITE_RECURSION = YES;
				CLANG_WARN_INT_CONVERSION = YES;
				CLANG_WARN_NON_LITERAL_NULL_CONVERSION = YES;
				CLANG_WARN_OBJC_IMPLICIT_RETAIN_SELF = YES;
				CLANG_WARN_OBJC_LITERAL_CONVERSION = YES;
				CLANG_WARN_OBJC_ROOT_CLASS = YES_ERROR;
				CLANG_WARN_RANGE_LOOP_ANALYSIS = YES;
				CLANG_WARN_STRICT_PROTOTYPES = YES;
				CLANG_WARN_SUSPICIOUS_MOVE = YES;
				CLANG_WARN_UNGUARDED_AVAILABILITY = YES_AGGRESSIVE;
				CLANG_WARN_UNREACHABLE_CODE = YES;
				CLANG_WARN__DUPLICATE_METHOD_MATCH = YES;
				COPY_PHASE_STRIP = NO;
				DEBUG_INFORMATION_FORMAT = "dwarf-with-dsym";
				ENABLE_NS_ASSERTIONS = NO;
				ENABLE_STRICT_OBJC_MSGSEND = YES;
				GCC_C_LANGUAGE_STANDARD = gnu11;
				GCC_NO_COMMON_BLOCKS = YES;
				GCC_WARN_64_TO_32_BIT_CONVERSION = YES;
				GCC_WARN_ABOUT_RETURN_TYPE = YES_ERROR;
				GCC_WARN_UNDECLARED_SELECTOR = YES;
				GCC_WARN_UNINITIALIZED_AUTOS = YES_AGGRESSIVE;
				GCC_WARN_UNUSED_FUNCTION = YES;
				GCC_WARN_UNUSED_VARIABLE = YES;
				IPHONEOS_DEPLOYMENT_TARGET = 13.2;
				MTL_ENABLE_DEBUG_INFO = NO;
				MTL_FAST_MATH = YES;
				SDKROOT = iphoneos;
				SWIFT_COMPILATION_MODE = wholemodule;
				SWIFT_OPTIMIZATION_LEVEL = "-O";
				VALIDATE_PRODUCT = YES;
			};
			name = Release;
		};
		2C8A08B623F6115C00853DBD /* Debug */ = {
			isa = XCBuildConfiguration;
			buildSettings = {
				ASSETCATALOG_COMPILER_APPICON_NAME = AppIcon;
				CODE_SIGN_STYLE = Automatic;
				DEVELOPMENT_TEAM = 5V5G74YC8L;
				INFOPLIST_FILE = BinarySearch/Info.plist;
				IPHONEOS_DEPLOYMENT_TARGET = 13.0;
				LD_RUNPATH_SEARCH_PATHS = (
					"$(inherited)",
					"@executable_path/Frameworks",
				);
				PRODUCT_BUNDLE_IDENTIFIER = com.lourin.BinarySearch;
				PRODUCT_NAME = "$(TARGET_NAME)";
				SWIFT_VERSION = 5.0;
				TARGETED_DEVICE_FAMILY = 1;
			};
			name = Debug;
		};
		2C8A08B723F6115C00853DBD /* Release */ = {
			isa = XCBuildConfiguration;
			buildSettings = {
				ASSETCATALOG_COMPILER_APPICON_NAME = AppIcon;
				CODE_SIGN_STYLE = Automatic;
				DEVELOPMENT_TEAM = 5V5G74YC8L;
				INFOPLIST_FILE = BinarySearch/Info.plist;
				IPHONEOS_DEPLOYMENT_TARGET = 13.0;
				LD_RUNPATH_SEARCH_PATHS = (
					"$(inherited)",
					"@executable_path/Frameworks",
				);
				PRODUCT_BUNDLE_IDENTIFIER = com.lourin.BinarySearch;
				PRODUCT_NAME = "$(TARGET_NAME)";
				SWIFT_VERSION = 5.0;
				TARGETED_DEVICE_FAMILY = 1;
			};
			name = Release;
		};
		2C8A08B923F6115C00853DBD /* Debug */ = {
			isa = XCBuildConfiguration;
			buildSettings = {
				ALWAYS_EMBED_SWIFT_STANDARD_LIBRARIES = YES;
				BUNDLE_LOADER = "$(TEST_HOST)";
				CODE_SIGN_STYLE = Automatic;
				DEVELOPMENT_TEAM = 5V5G74YC8L;
				INFOPLIST_FILE = BinarySearchTests/Info.plist;
				IPHONEOS_DEPLOYMENT_TARGET = 13.2;
				LD_RUNPATH_SEARCH_PATHS = (
					"$(inherited)",
					"@executable_path/Frameworks",
					"@loader_path/Frameworks",
				);
				PRODUCT_BUNDLE_IDENTIFIER = com.lourin.BinarySearchTests;
				PRODUCT_NAME = "$(TARGET_NAME)";
				SWIFT_VERSION = 5.0;
				TARGETED_DEVICE_FAMILY = "1,2";
				TEST_HOST = "$(BUILT_PRODUCTS_DIR)/BinarySearch.app/BinarySearch";
			};
			name = Debug;
		};
		2C8A08BA23F6115C00853DBD /* Release */ = {
			isa = XCBuildConfiguration;
			buildSettings = {
				ALWAYS_EMBED_SWIFT_STANDARD_LIBRARIES = YES;
				BUNDLE_LOADER = "$(TEST_HOST)";
				CODE_SIGN_STYLE = Automatic;
				DEVELOPMENT_TEAM = 5V5G74YC8L;
				INFOPLIST_FILE = BinarySearchTests/Info.plist;
				IPHONEOS_DEPLOYMENT_TARGET = 13.2;
				LD_RUNPATH_SEARCH_PATHS = (
					"$(inherited)",
					"@executable_path/Frameworks",
					"@loader_path/Frameworks",
				);
				PRODUCT_BUNDLE_IDENTIFIER = com.lourin.BinarySearchTests;
				PRODUCT_NAME = "$(TARGET_NAME)";
				SWIFT_VERSION = 5.0;
				TARGETED_DEVICE_FAMILY = "1,2";
				TEST_HOST = "$(BUILT_PRODUCTS_DIR)/BinarySearch.app/BinarySearch";
			};
			name = Release;
		};
/* End XCBuildConfiguration section */

/* Begin XCConfigurationList section */
		2C8A089123F6115B00853DBD /* Build configuration list for PBXProject "BinarySearch" */ = {
			isa = XCConfigurationList;
			buildConfigurations = (
				2C8A08B323F6115C00853DBD /* Debug */,
				2C8A08B423F6115C00853DBD /* Release */,
			);
			defaultConfigurationIsVisible = 0;
			defaultConfigurationName = Release;
		};
		2C8A08B523F6115C00853DBD /* Build configuration list for PBXNativeTarget "BinarySearch" */ = {
			isa = XCConfigurationList;
			buildConfigurations = (
				2C8A08B623F6115C00853DBD /* Debug */,
				2C8A08B723F6115C00853DBD /* Release */,
			);
			defaultConfigurationIsVisible = 0;
			defaultConfigurationName = Release;
		};
		2C8A08B823F6115C00853DBD /* Build configuration list for PBXNativeTarget "BinarySearchTests" */ = {
			isa = XCConfigurationList;
			buildConfigurations = (
				2C8A08B923F6115C00853DBD /* Debug */,
				2C8A08BA23F6115C00853DBD /* Release */,
			);
			defaultConfigurationIsVisible = 0;
			defaultConfigurationName = Release;
		};
/* End XCConfigurationList section */
	};
	rootObject = 2C8A088E23F6115B00853DBD /* Project object */;
}
